
Microsoft Visual Studio Solution File, Format Version 12.00
# Visual Studio Version 16
VisualStudioVersion = 16.0.29411.108
MinimumVisualStudioVersion = 10.0.40219.1
Project("{9A19103F-16F7-4668-BE54-9A1E7A4F7556}") = "Webapi", "Webapi.csproj", "{6F31F878-F1CB-4964-B38D-0778329D009E}"
EndProject
Project("{9A19103F-16F7-4668-BE54-9A1E7A4F7556}") = "FoodWoodz.DAL", "..\FoodWoodz.DAL\FoodWoodz.DAL.csproj", "{A8A4C2F0-5807-49A4-AD5A-D3FE616134FF}"
EndProject
Project("{FAE04EC0-301F-11D3-BF4B-00C04F79EFBC}") = "FoodWoodz.BLL", "..\FoodWoodz.BLL\FoodWoodz.BLL.csproj", "{05A156CD-55F6-4E5A-8593-8C6CE1C15DE5}"
EndProject
Global
	GlobalSection(SolutionConfigurationPlatforms) = preSolution
		Debug|Any CPU = Debug|Any CPU
		Release|Any CPU = Release|Any CPU
	EndGlobalSection
	GlobalSection(ProjectConfigurationPlatforms) = postSolution
		{6F31F878-F1CB-4964-B38D-0778329D009E}.Debug|Any CPU.ActiveCfg = Debug|Any CPU
		{6F31F878-F1CB-4964-B38D-0778329D009E}.Debug|Any CPU.Build.0 = Debug|Any CPU
		{6F31F878-F1CB-4964-B38D-0778329D009E}.Release|Any CPU.ActiveCfg = Release|Any CPU
		{6F31F878-F1CB-4964-B38D-0778329D009E}.Release|Any CPU.Build.0 = Release|Any CPU
		{A8A4C2F0-5807-49A4-AD5A-D3FE616134FF}.Debug|Any CPU.ActiveCfg = Debug|Any CPU
		{A8A4C2F0-5807-49A4-AD5A-D3FE616134FF}.Debug|Any CPU.Build.0 = Debug|Any CPU
		{A8A4C2F0-5807-49A4-AD5A-D3FE616134FF}.Release|Any CPU.ActiveCfg = Release|Any CPU
		{A8A4C2F0-5807-49A4-AD5A-D3FE616134FF}.Release|Any CPU.Build.0 = Release|Any CPU
		{05A156CD-55F6-4E5A-8593-8C6CE1C15DE5}.Debug|Any CPU.ActiveCfg = Debug|Any CPU
		{05A156CD-55F6-4E5A-8593-8C6CE1C15DE5}.Debug|Any CPU.Build.0 = Debug|Any CPU
		{05A156CD-55F6-4E5A-8593-8C6CE1C15DE5}.Release|Any CPU.ActiveCfg = Release|Any CPU
		{05A156CD-55F6-4E5A-8593-8C6CE1C15DE5}.Release|Any CPU.Build.0 = Release|Any CPU
	EndGlobalSection
	GlobalSection(SolutionProperties) = preSolution
		HideSolutionNode = FALSE
	EndGlobalSection
	GlobalSection(ExtensibilityGlobals) = postSolution
		SolutionGuid = {5E6B580D-F873-4D68-A5A2-607B08C8A660}
	EndGlobalSection
EndGlobal
